
Microsoft Visual Studio Solution File, Format Version 12.00
# Visual Studio Version 16
VisualStudioVersion = 16.0.30804.86
MinimumVisualStudioVersion = 10.0.40219.1
Project("{2150E333-8FDC-42A3-9474-1A3956D46DE8}") = "src", "src", "{34B53F49-F5C5-4850-B79E-59AD130379C6}"
EndProject
Project("{9A19103F-16F7-4668-BE54-9A1E7A4F7556}") = "ZiggyCreatures.FusionCache", "src\ZiggyCreatures.FusionCache\ZiggyCreatures.FusionCache.csproj", "{8EA21069-A6E8-4DAB-8368-796BAA10B40E}"
EndProject
Project("{2150E333-8FDC-42A3-9474-1A3956D46DE8}") = "benchmarks", "benchmarks", "{407E264A-43D3-4139-BF62-D505EECA36F8}"
EndProject
Project("{2150E333-8FDC-42A3-9474-1A3956D46DE8}") = "tests", "tests", "{C6F3C570-C68C-4A95-960E-82778306BDBA}"
EndProject
Project("{9A19103F-16F7-4668-BE54-9A1E7A4F7556}") = "ZiggyCreatures.FusionCache.Serialization.NewtonsoftJson", "src\ZiggyCreatures.FusionCache.Serialization.NewtonsoftJson\ZiggyCreatures.FusionCache.Serialization.NewtonsoftJson.csproj", "{482379B4-2A21-4152-B84E-554006FCAC95}"
EndProject
Project("{9A19103F-16F7-4668-BE54-9A1E7A4F7556}") = "ZiggyCreatures.FusionCache.Serialization.SystemTextJson", "src\ZiggyCreatures.FusionCache.Serialization.SystemTextJson\ZiggyCreatures.FusionCache.Serialization.SystemTextJson.csproj", "{ED5B2080-C706-4150-897D-59482F41BC34}"
EndProject
Project("{9A19103F-16F7-4668-BE54-9A1E7A4F7556}") = "ZiggyCreatures.FusionCache.Benchmarks", "benchmarks\ZiggyCreatures.FusionCache.Benchmarks\ZiggyCreatures.FusionCache.Benchmarks.csproj", "{EA8020A5-B936-415A-8A1B-0DC8CA7914B1}"
EndProject
Project("{9A19103F-16F7-4668-BE54-9A1E7A4F7556}") = "ZiggyCreatures.FusionCache.Tests", "tests\ZiggyCreatures.FusionCache.Tests\ZiggyCreatures.FusionCache.Tests.csproj", "{25C0D76C-E7D2-43CC-8D0E-BECB0438527B}"
EndProject
Project("{2150E333-8FDC-42A3-9474-1A3956D46DE8}") = "Solution Items", "Solution Items", "{BDC18C05-F0DF-4B40-90D8-4BE559EA0C23}"
	ProjectSection(SolutionItems) = preProject
		.editorconfig = .editorconfig
	EndProjectSection
EndProject
Project("{9A19103F-16F7-4668-BE54-9A1E7A4F7556}") = "ZiggyCreatures.FusionCache.Plugins.MemoryBackplane", "src\ZiggyCreatures.FusionCache.Plugins.MemoryBackplane\ZiggyCreatures.FusionCache.Plugins.MemoryBackplane.csproj", "{B08992F1-7575-4006-AC1A-BDBBFDEFE7C2}"
EndProject
Project("{9A19103F-16F7-4668-BE54-9A1E7A4F7556}") = "ZiggyCreatures.FusionCache.Plugins.StackExchangeRedisBackplane", "src\ZiggyCreatures.FusionCache.Plugins.StackExchangeRedisBackplane\ZiggyCreatures.FusionCache.Plugins.StackExchangeRedisBackplane.csproj", "{DAA85EF8-48C7-48AF-96CB-72C009CCD19A}"
EndProject
Project("{9A19103F-16F7-4668-BE54-9A1E7A4F7556}") = "ZiggyCreatures.FusionCache.Playground", "tests\ZiggyCreatures.FusionCache.Playground\ZiggyCreatures.FusionCache.Playground.csproj", "{7063CEBE-CE42-4E4D-8EE6-EB719CEF2F2F}"
EndProject
Global
	GlobalSection(SolutionConfigurationPlatforms) = preSolution
		Debug|Any CPU = Debug|Any CPU
		Release|Any CPU = Release|Any CPU
	EndGlobalSection
	GlobalSection(ProjectConfigurationPlatforms) = postSolution
		{8EA21069-A6E8-4DAB-8368-796BAA10B40E}.Debug|Any CPU.ActiveCfg = Debug|Any CPU
		{8EA21069-A6E8-4DAB-8368-796BAA10B40E}.Debug|Any CPU.Build.0 = Debug|Any CPU
		{8EA21069-A6E8-4DAB-8368-796BAA10B40E}.Release|Any CPU.ActiveCfg = Release|Any CPU
		{8EA21069-A6E8-4DAB-8368-796BAA10B40E}.Release|Any CPU.Build.0 = Release|Any CPU
		{482379B4-2A21-4152-B84E-554006FCAC95}.Debug|Any CPU.ActiveCfg = Debug|Any CPU
		{482379B4-2A21-4152-B84E-554006FCAC95}.Debug|Any CPU.Build.0 = Debug|Any CPU
		{482379B4-2A21-4152-B84E-554006FCAC95}.Release|Any CPU.ActiveCfg = Release|Any CPU
		{482379B4-2A21-4152-B84E-554006FCAC95}.Release|Any CPU.Build.0 = Release|Any CPU
		{ED5B2080-C706-4150-897D-59482F41BC34}.Debug|Any CPU.ActiveCfg = Debug|Any CPU
		{ED5B2080-C706-4150-897D-59482F41BC34}.Debug|Any CPU.Build.0 = Debug|Any CPU
		{ED5B2080-C706-4150-897D-59482F41BC34}.Release|Any CPU.ActiveCfg = Release|Any CPU
		{ED5B2080-C706-4150-897D-59482F41BC34}.Release|Any CPU.Build.0 = Release|Any CPU
		{EA8020A5-B936-415A-8A1B-0DC8CA7914B1}.Debug|Any CPU.ActiveCfg = Debug|Any CPU
		{EA8020A5-B936-415A-8A1B-0DC8CA7914B1}.Debug|Any CPU.Build.0 = Debug|Any CPU
		{EA8020A5-B936-415A-8A1B-0DC8CA7914B1}.Release|Any CPU.ActiveCfg = Release|Any CPU
		{EA8020A5-B936-415A-8A1B-0DC8CA7914B1}.Release|Any CPU.Build.0 = Release|Any CPU
		{25C0D76C-E7D2-43CC-8D0E-BECB0438527B}.Debug|Any CPU.ActiveCfg = Debug|Any CPU
		{25C0D76C-E7D2-43CC-8D0E-BECB0438527B}.Debug|Any CPU.Build.0 = Debug|Any CPU
		{25C0D76C-E7D2-43CC-8D0E-BECB0438527B}.Release|Any CPU.ActiveCfg = Release|Any CPU
		{25C0D76C-E7D2-43CC-8D0E-BECB0438527B}.Release|Any CPU.Build.0 = Release|Any CPU
		{B08992F1-7575-4006-AC1A-BDBBFDEFE7C2}.Debug|Any CPU.ActiveCfg = Debug|Any CPU
		{B08992F1-7575-4006-AC1A-BDBBFDEFE7C2}.Debug|Any CPU.Build.0 = Debug|Any CPU
		{B08992F1-7575-4006-AC1A-BDBBFDEFE7C2}.Release|Any CPU.ActiveCfg = Release|Any CPU
		{B08992F1-7575-4006-AC1A-BDBBFDEFE7C2}.Release|Any CPU.Build.0 = Release|Any CPU
		{DAA85EF8-48C7-48AF-96CB-72C009CCD19A}.Debug|Any CPU.ActiveCfg = Debug|Any CPU
		{DAA85EF8-48C7-48AF-96CB-72C009CCD19A}.Debug|Any CPU.Build.0 = Debug|Any CPU
		{DAA85EF8-48C7-48AF-96CB-72C009CCD19A}.Release|Any CPU.ActiveCfg = Release|Any CPU
		{DAA85EF8-48C7-48AF-96CB-72C009CCD19A}.Release|Any CPU.Build.0 = Release|Any CPU
		{7063CEBE-CE42-4E4D-8EE6-EB719CEF2F2F}.Debug|Any CPU.ActiveCfg = Debug|Any CPU
		{7063CEBE-CE42-4E4D-8EE6-EB719CEF2F2F}.Debug|Any CPU.Build.0 = Debug|Any CPU
		{7063CEBE-CE42-4E4D-8EE6-EB719CEF2F2F}.Release|Any CPU.ActiveCfg = Release|Any CPU
		{7063CEBE-CE42-4E4D-8EE6-EB719CEF2F2F}.Release|Any CPU.Build.0 = Release|Any CPU
	EndGlobalSection
	GlobalSection(SolutionProperties) = preSolution
		HideSolutionNode = FALSE
	EndGlobalSection
	GlobalSection(NestedProjects) = preSolution
		{8EA21069-A6E8-4DAB-8368-796BAA10B40E} = {34B53F49-F5C5-4850-B79E-59AD130379C6}
		{482379B4-2A21-4152-B84E-554006FCAC95} = {34B53F49-F5C5-4850-B79E-59AD130379C6}
		{ED5B2080-C706-4150-897D-59482F41BC34} = {34B53F49-F5C5-4850-B79E-59AD130379C6}
		{EA8020A5-B936-415A-8A1B-0DC8CA7914B1} = {407E264A-43D3-4139-BF62-D505EECA36F8}
		{25C0D76C-E7D2-43CC-8D0E-BECB0438527B} = {C6F3C570-C68C-4A95-960E-82778306BDBA}
		{B08992F1-7575-4006-AC1A-BDBBFDEFE7C2} = {34B53F49-F5C5-4850-B79E-59AD130379C6}
		{DAA85EF8-48C7-48AF-96CB-72C009CCD19A} = {34B53F49-F5C5-4850-B79E-59AD130379C6}
		{7063CEBE-CE42-4E4D-8EE6-EB719CEF2F2F} = {C6F3C570-C68C-4A95-960E-82778306BDBA}
	EndGlobalSection
	GlobalSection(ExtensibilityGlobals) = postSolution
		SolutionGuid = {92916FA2-FCAC-406E-BF3F-0A2CE9512EF0}
	EndGlobalSection
EndGlobal
