
Microsoft Visual Studio Solution File, Format Version 12.00
# Visual Studio Version 17
VisualStudioVersion = 17.2.32630.192
MinimumVisualStudioVersion = 10.0.40219.1
Project("{2150E333-8FDC-42A3-9474-1A3956D46DE8}") = "src", "src", "{34B53F49-F5C5-4850-B79E-59AD130379C6}"
EndProject
Project("{9A19103F-16F7-4668-BE54-9A1E7A4F7556}") = "ZiggyCreatures.FusionCache", "src\ZiggyCreatures.FusionCache\ZiggyCreatures.FusionCache.csproj", "{8EA21069-A6E8-4DAB-8368-796BAA10B40E}"
EndProject
Project("{2150E333-8FDC-42A3-9474-1A3956D46DE8}") = "benchmarks", "benchmarks", "{407E264A-43D3-4139-BF62-D505EECA36F8}"
EndProject
Project("{2150E333-8FDC-42A3-9474-1A3956D46DE8}") = "tests", "tests", "{C6F3C570-C68C-4A95-960E-82778306BDBA}"
EndProject
Project("{9A19103F-16F7-4668-BE54-9A1E7A4F7556}") = "ZiggyCreatures.FusionCache.Serialization.NewtonsoftJson", "src\ZiggyCreatures.FusionCache.Serialization.NewtonsoftJson\ZiggyCreatures.FusionCache.Serialization.NewtonsoftJson.csproj", "{482379B4-2A21-4152-B84E-554006FCAC95}"
EndProject
Project("{9A19103F-16F7-4668-BE54-9A1E7A4F7556}") = "ZiggyCreatures.FusionCache.Serialization.SystemTextJson", "src\ZiggyCreatures.FusionCache.Serialization.SystemTextJson\ZiggyCreatures.FusionCache.Serialization.SystemTextJson.csproj", "{ED5B2080-C706-4150-897D-59482F41BC34}"
EndProject
Project("{9A19103F-16F7-4668-BE54-9A1E7A4F7556}") = "ZiggyCreatures.FusionCache.Benchmarks", "benchmarks\ZiggyCreatures.FusionCache.Benchmarks\ZiggyCreatures.FusionCache.Benchmarks.csproj", "{EA8020A5-B936-415A-8A1B-0DC8CA7914B1}"
EndProject
Project("{9A19103F-16F7-4668-BE54-9A1E7A4F7556}") = "ZiggyCreatures.FusionCache.Tests", "tests\ZiggyCreatures.FusionCache.Tests\ZiggyCreatures.FusionCache.Tests.csproj", "{25C0D76C-E7D2-43CC-8D0E-BECB0438527B}"
EndProject
Project("{2150E333-8FDC-42A3-9474-1A3956D46DE8}") = "Solution Items", "Solution Items", "{BDC18C05-F0DF-4B40-90D8-4BE559EA0C23}"
	ProjectSection(SolutionItems) = preProject
		.editorconfig = .editorconfig
		Directory.Build.props = Directory.Build.props
	EndProjectSection
EndProject
Project("{9A19103F-16F7-4668-BE54-9A1E7A4F7556}") = "ZiggyCreatures.FusionCache.Playground", "tests\ZiggyCreatures.FusionCache.Playground\ZiggyCreatures.FusionCache.Playground.csproj", "{7063CEBE-CE42-4E4D-8EE6-EB719CEF2F2F}"
EndProject
Project("{9A19103F-16F7-4668-BE54-9A1E7A4F7556}") = "ZiggyCreatures.FusionCache.Backplane.Memory", "src\ZiggyCreatures.FusionCache.Backplane.Memory\ZiggyCreatures.FusionCache.Backplane.Memory.csproj", "{AEBFD35A-48BF-45ED-8AB4-F9DB1882D12D}"
EndProject
Project("{9A19103F-16F7-4668-BE54-9A1E7A4F7556}") = "ZiggyCreatures.FusionCache.Backplane.StackExchangeRedis", "src\ZiggyCreatures.FusionCache.Backplane.StackExchangeRedis\ZiggyCreatures.FusionCache.Backplane.StackExchangeRedis.csproj", "{5659A831-8170-4398-A130-D521844BB4C0}"
EndProject
Project("{9A19103F-16F7-4668-BE54-9A1E7A4F7556}") = "ZiggyCreatures.FusionCache.Chaos", "src\ZiggyCreatures.FusionCache.Chaos\ZiggyCreatures.FusionCache.Chaos.csproj", "{6DC66BBC-6B35-4CCC-A48B-6AD28C336C80}"
EndProject
Project("{9A19103F-16F7-4668-BE54-9A1E7A4F7556}") = "ZiggyCreatures.FusionCache.Serialization.NeueccMessagePack", "src\ZiggyCreatures.FusionCache.Serialization.NeueccMessagePack\ZiggyCreatures.FusionCache.Serialization.NeueccMessagePack.csproj", "{DD0A6164-CE88-49A0-AF4E-7A56ACBB13BB}"
EndProject
Project("{9A19103F-16F7-4668-BE54-9A1E7A4F7556}") = "ZiggyCreatures.FusionCache.Serialization.ProtoBufNet", "src\ZiggyCreatures.FusionCache.Serialization.ProtoBufNet\ZiggyCreatures.FusionCache.Serialization.ProtoBufNet.csproj", "{FC2C7F03-69E0-4CCE-A582-1FB6D8D11560}"
EndProject
Project("{9A19103F-16F7-4668-BE54-9A1E7A4F7556}") = "ZiggyCreatures.FusionCache.Serialization.CysharpMemoryPack", "src\ZiggyCreatures.FusionCache.Serialization.CysharpMemoryPack\ZiggyCreatures.FusionCache.Serialization.CysharpMemoryPack.csproj", "{919CDF8C-463A-4E82-AFFD-DF8A6B904600}"
EndProject
Project("{9A19103F-16F7-4668-BE54-9A1E7A4F7556}") = "ZiggyCreatures.FusionCache.Serialization.ServiceStackJson", "src\ZiggyCreatures.FusionCache.Serialization.ServiceStackJson\ZiggyCreatures.FusionCache.Serialization.ServiceStackJson.csproj", "{CE437FB2-510F-4DCE-8A1F-AED747DAA4EB}"
EndProject
Project("{9A19103F-16F7-4668-BE54-9A1E7A4F7556}") = "SerializerPayloadGenerator", "tests\SerializerPayloadGenerator\SerializerPayloadGenerator.csproj", "{5B1AF24E-90FC-4C21-AF9C-090FE32027E3}"
EndProject
Project("{9A19103F-16F7-4668-BE54-9A1E7A4F7556}") = "ZiggyCreatures.FusionCache.Simulator", "tests\ZiggyCreatures.FusionCache.Simulator\ZiggyCreatures.FusionCache.Simulator.csproj", "{BDB46997-84D1-4CB5-B967-7F820820CB8E}"
EndProject
Project("{9A19103F-16F7-4668-BE54-9A1E7A4F7556}") = "ZiggyCreatures.FusionCache.OpenTelemetry", "src\ZiggyCreatures.FusionCache.OpenTelemetry\ZiggyCreatures.FusionCache.OpenTelemetry.csproj", "{DA78EB72-93B1-4A77-8525-79AF3EEC4C8D}"
EndProject
Project("{FAE04EC0-301F-11D3-BF4B-00C04F79EFBC}") = "ZiggyCreatures.FusionCache.MicrosoftHybridCache", "src\ZiggyCreatures.FusionCache.MicrosoftHybridCache\ZiggyCreatures.FusionCache.MicrosoftHybridCache.csproj", "{1D99DBC8-5ADD-4D0A-B32F-FBD10452C1A9}"
EndProject
Global
	GlobalSection(SolutionConfigurationPlatforms) = preSolution
		Debug|Any CPU = Debug|Any CPU
		Release|Any CPU = Release|Any CPU
	EndGlobalSection
	GlobalSection(ProjectConfigurationPlatforms) = postSolution
		{8EA21069-A6E8-4DAB-8368-796BAA10B40E}.Debug|Any CPU.ActiveCfg = Debug|Any CPU
		{8EA21069-A6E8-4DAB-8368-796BAA10B40E}.Debug|Any CPU.Build.0 = Debug|Any CPU
		{8EA21069-A6E8-4DAB-8368-796BAA10B40E}.Release|Any CPU.ActiveCfg = Release|Any CPU
		{8EA21069-A6E8-4DAB-8368-796BAA10B40E}.Release|Any CPU.Build.0 = Release|Any CPU
		{482379B4-2A21-4152-B84E-554006FCAC95}.Debug|Any CPU.ActiveCfg = Debug|Any CPU
		{482379B4-2A21-4152-B84E-554006FCAC95}.Debug|Any CPU.Build.0 = Debug|Any CPU
		{482379B4-2A21-4152-B84E-554006FCAC95}.Release|Any CPU.ActiveCfg = Release|Any CPU
		{482379B4-2A21-4152-B84E-554006FCAC95}.Release|Any CPU.Build.0 = Release|Any CPU
		{ED5B2080-C706-4150-897D-59482F41BC34}.Debug|Any CPU.ActiveCfg = Debug|Any CPU
		{ED5B2080-C706-4150-897D-59482F41BC34}.Debug|Any CPU.Build.0 = Debug|Any CPU
		{ED5B2080-C706-4150-897D-59482F41BC34}.Release|Any CPU.ActiveCfg = Release|Any CPU
		{ED5B2080-C706-4150-897D-59482F41BC34}.Release|Any CPU.Build.0 = Release|Any CPU
		{EA8020A5-B936-415A-8A1B-0DC8CA7914B1}.Debug|Any CPU.ActiveCfg = Debug|Any CPU
		{EA8020A5-B936-415A-8A1B-0DC8CA7914B1}.Debug|Any CPU.Build.0 = Debug|Any CPU
		{EA8020A5-B936-415A-8A1B-0DC8CA7914B1}.Release|Any CPU.ActiveCfg = Release|Any CPU
		{EA8020A5-B936-415A-8A1B-0DC8CA7914B1}.Release|Any CPU.Build.0 = Release|Any CPU
		{25C0D76C-E7D2-43CC-8D0E-BECB0438527B}.Debug|Any CPU.ActiveCfg = Debug|Any CPU
		{25C0D76C-E7D2-43CC-8D0E-BECB0438527B}.Debug|Any CPU.Build.0 = Debug|Any CPU
		{25C0D76C-E7D2-43CC-8D0E-BECB0438527B}.Release|Any CPU.ActiveCfg = Release|Any CPU
		{25C0D76C-E7D2-43CC-8D0E-BECB0438527B}.Release|Any CPU.Build.0 = Release|Any CPU
		{7063CEBE-CE42-4E4D-8EE6-EB719CEF2F2F}.Debug|Any CPU.ActiveCfg = Debug|Any CPU
		{7063CEBE-CE42-4E4D-8EE6-EB719CEF2F2F}.Debug|Any CPU.Build.0 = Debug|Any CPU
		{7063CEBE-CE42-4E4D-8EE6-EB719CEF2F2F}.Release|Any CPU.ActiveCfg = Release|Any CPU
		{7063CEBE-CE42-4E4D-8EE6-EB719CEF2F2F}.Release|Any CPU.Build.0 = Release|Any CPU
		{AEBFD35A-48BF-45ED-8AB4-F9DB1882D12D}.Debug|Any CPU.ActiveCfg = Debug|Any CPU
		{AEBFD35A-48BF-45ED-8AB4-F9DB1882D12D}.Debug|Any CPU.Build.0 = Debug|Any CPU
		{AEBFD35A-48BF-45ED-8AB4-F9DB1882D12D}.Release|Any CPU.ActiveCfg = Release|Any CPU
		{AEBFD35A-48BF-45ED-8AB4-F9DB1882D12D}.Release|Any CPU.Build.0 = Release|Any CPU
		{5659A831-8170-4398-A130-D521844BB4C0}.Debug|Any CPU.ActiveCfg = Debug|Any CPU
		{5659A831-8170-4398-A130-D521844BB4C0}.Debug|Any CPU.Build.0 = Debug|Any CPU
		{5659A831-8170-4398-A130-D521844BB4C0}.Release|Any CPU.ActiveCfg = Release|Any CPU
		{5659A831-8170-4398-A130-D521844BB4C0}.Release|Any CPU.Build.0 = Release|Any CPU
		{6DC66BBC-6B35-4CCC-A48B-6AD28C336C80}.Debug|Any CPU.ActiveCfg = Debug|Any CPU
		{6DC66BBC-6B35-4CCC-A48B-6AD28C336C80}.Debug|Any CPU.Build.0 = Debug|Any CPU
		{6DC66BBC-6B35-4CCC-A48B-6AD28C336C80}.Release|Any CPU.ActiveCfg = Release|Any CPU
		{6DC66BBC-6B35-4CCC-A48B-6AD28C336C80}.Release|Any CPU.Build.0 = Release|Any CPU
		{DD0A6164-CE88-49A0-AF4E-7A56ACBB13BB}.Debug|Any CPU.ActiveCfg = Debug|Any CPU
		{DD0A6164-CE88-49A0-AF4E-7A56ACBB13BB}.Debug|Any CPU.Build.0 = Debug|Any CPU
		{DD0A6164-CE88-49A0-AF4E-7A56ACBB13BB}.Release|Any CPU.ActiveCfg = Release|Any CPU
		{DD0A6164-CE88-49A0-AF4E-7A56ACBB13BB}.Release|Any CPU.Build.0 = Release|Any CPU
		{FC2C7F03-69E0-4CCE-A582-1FB6D8D11560}.Debug|Any CPU.ActiveCfg = Debug|Any CPU
		{FC2C7F03-69E0-4CCE-A582-1FB6D8D11560}.Debug|Any CPU.Build.0 = Debug|Any CPU
		{FC2C7F03-69E0-4CCE-A582-1FB6D8D11560}.Release|Any CPU.ActiveCfg = Release|Any CPU
		{FC2C7F03-69E0-4CCE-A582-1FB6D8D11560}.Release|Any CPU.Build.0 = Release|Any CPU
		{919CDF8C-463A-4E82-AFFD-DF8A6B904600}.Debug|Any CPU.ActiveCfg = Debug|Any CPU
		{919CDF8C-463A-4E82-AFFD-DF8A6B904600}.Debug|Any CPU.Build.0 = Debug|Any CPU
		{919CDF8C-463A-4E82-AFFD-DF8A6B904600}.Release|Any CPU.ActiveCfg = Release|Any CPU
		{919CDF8C-463A-4E82-AFFD-DF8A6B904600}.Release|Any CPU.Build.0 = Release|Any CPU
		{CE437FB2-510F-4DCE-8A1F-AED747DAA4EB}.Debug|Any CPU.ActiveCfg = Debug|Any CPU
		{CE437FB2-510F-4DCE-8A1F-AED747DAA4EB}.Debug|Any CPU.Build.0 = Debug|Any CPU
		{CE437FB2-510F-4DCE-8A1F-AED747DAA4EB}.Release|Any CPU.ActiveCfg = Release|Any CPU
		{CE437FB2-510F-4DCE-8A1F-AED747DAA4EB}.Release|Any CPU.Build.0 = Release|Any CPU
		{5B1AF24E-90FC-4C21-AF9C-090FE32027E3}.Debug|Any CPU.ActiveCfg = Debug|Any CPU
		{5B1AF24E-90FC-4C21-AF9C-090FE32027E3}.Debug|Any CPU.Build.0 = Debug|Any CPU
		{5B1AF24E-90FC-4C21-AF9C-090FE32027E3}.Release|Any CPU.ActiveCfg = Release|Any CPU
		{5B1AF24E-90FC-4C21-AF9C-090FE32027E3}.Release|Any CPU.Build.0 = Release|Any CPU
		{BDB46997-84D1-4CB5-B967-7F820820CB8E}.Debug|Any CPU.ActiveCfg = Debug|Any CPU
		{BDB46997-84D1-4CB5-B967-7F820820CB8E}.Debug|Any CPU.Build.0 = Debug|Any CPU
		{BDB46997-84D1-4CB5-B967-7F820820CB8E}.Release|Any CPU.ActiveCfg = Release|Any CPU
		{BDB46997-84D1-4CB5-B967-7F820820CB8E}.Release|Any CPU.Build.0 = Release|Any CPU
		{DA78EB72-93B1-4A77-8525-79AF3EEC4C8D}.Debug|Any CPU.ActiveCfg = Debug|Any CPU
		{DA78EB72-93B1-4A77-8525-79AF3EEC4C8D}.Debug|Any CPU.Build.0 = Debug|Any CPU
		{DA78EB72-93B1-4A77-8525-79AF3EEC4C8D}.Release|Any CPU.ActiveCfg = Release|Any CPU
		{DA78EB72-93B1-4A77-8525-79AF3EEC4C8D}.Release|Any CPU.Build.0 = Release|Any CPU
		{1D99DBC8-5ADD-4D0A-B32F-FBD10452C1A9}.Debug|Any CPU.ActiveCfg = Debug|Any CPU
		{1D99DBC8-5ADD-4D0A-B32F-FBD10452C1A9}.Debug|Any CPU.Build.0 = Debug|Any CPU
		{1D99DBC8-5ADD-4D0A-B32F-FBD10452C1A9}.Release|Any CPU.ActiveCfg = Release|Any CPU
		{1D99DBC8-5ADD-4D0A-B32F-FBD10452C1A9}.Release|Any CPU.Build.0 = Release|Any CPU
	EndGlobalSection
	GlobalSection(SolutionProperties) = preSolution
		HideSolutionNode = FALSE
	EndGlobalSection
	GlobalSection(NestedProjects) = preSolution
		{8EA21069-A6E8-4DAB-8368-796BAA10B40E} = {34B53F49-F5C5-4850-B79E-59AD130379C6}
		{482379B4-2A21-4152-B84E-554006FCAC95} = {34B53F49-F5C5-4850-B79E-59AD130379C6}
		{ED5B2080-C706-4150-897D-59482F41BC34} = {34B53F49-F5C5-4850-B79E-59AD130379C6}
		{EA8020A5-B936-415A-8A1B-0DC8CA7914B1} = {407E264A-43D3-4139-BF62-D505EECA36F8}
		{25C0D76C-E7D2-43CC-8D0E-BECB0438527B} = {C6F3C570-C68C-4A95-960E-82778306BDBA}
		{7063CEBE-CE42-4E4D-8EE6-EB719CEF2F2F} = {C6F3C570-C68C-4A95-960E-82778306BDBA}
		{AEBFD35A-48BF-45ED-8AB4-F9DB1882D12D} = {34B53F49-F5C5-4850-B79E-59AD130379C6}
		{5659A831-8170-4398-A130-D521844BB4C0} = {34B53F49-F5C5-4850-B79E-59AD130379C6}
		{6DC66BBC-6B35-4CCC-A48B-6AD28C336C80} = {34B53F49-F5C5-4850-B79E-59AD130379C6}
		{DD0A6164-CE88-49A0-AF4E-7A56ACBB13BB} = {34B53F49-F5C5-4850-B79E-59AD130379C6}
		{FC2C7F03-69E0-4CCE-A582-1FB6D8D11560} = {34B53F49-F5C5-4850-B79E-59AD130379C6}
		{919CDF8C-463A-4E82-AFFD-DF8A6B904600} = {34B53F49-F5C5-4850-B79E-59AD130379C6}
		{CE437FB2-510F-4DCE-8A1F-AED747DAA4EB} = {34B53F49-F5C5-4850-B79E-59AD130379C6}
		{5B1AF24E-90FC-4C21-AF9C-090FE32027E3} = {C6F3C570-C68C-4A95-960E-82778306BDBA}
		{BDB46997-84D1-4CB5-B967-7F820820CB8E} = {C6F3C570-C68C-4A95-960E-82778306BDBA}
		{DA78EB72-93B1-4A77-8525-79AF3EEC4C8D} = {34B53F49-F5C5-4850-B79E-59AD130379C6}
		{1D99DBC8-5ADD-4D0A-B32F-FBD10452C1A9} = {34B53F49-F5C5-4850-B79E-59AD130379C6}
	EndGlobalSection
	GlobalSection(ExtensibilityGlobals) = postSolution
		SolutionGuid = {92916FA2-FCAC-406E-BF3F-0A2CE9512EF0}
	EndGlobalSection
EndGlobal
